<?xml version="1.0" encoding="utf-8"?>
<Project ToolsVersion="4.0" xmlns="http://schemas.microsoft.com/developer/msbuild/2003">
  <ItemGroup>
    <Filter Include="Source Files">
      <UniqueIdentifier>{4FC737F1-C7A5-4376-A066-2A32D752A2FF}</UniqueIdentifier>
      <Extensions>cpp;c;cc;cxx;c++;def;odl;idl;hpj;bat;asm;asmx</Extensions>
    </Filter>
    <Filter Include="Header Files">
      <UniqueIdentifier>{93995380-89BD-4b04-88EB-625FBE52EBFB}</UniqueIdentifier>
      <Extensions>h;hh;hpp;hxx;h++;hm;inl;inc;ipp;xsd</Extensions>
    </Filter>
    <Filter Include="Resource Files">
      <UniqueIdentifier>{67DA6AB6-F800-4c08-8B7A-83BB121AAD01}</UniqueIdentifier>
      <Extensions>rc;ico;cur;bmp;dlg;rc2;rct;bin;rgs;gif;jpg;jpeg;jpe;resx;tiff;tif;png;wav;mfcribbon-ms</Extensions>
    </Filter>
  </ItemGroup>
  <ItemGroup>
    <ClCompile Include="main.cpp">
      <Filter>Source Files</Filter>
    </ClCompile>
    <ClCompile Include="AppWin.cpp">
      <Filter>Source Files</Filter>
    </ClCompile>
    <ClCompile Include="gui\gui-container.cpp">
      <Filter>Source Files</Filter>
    </ClCompile>
    <ClCompile Include="gui\gui-element.cpp">
      <Filter>Source Files</Filter>
    </ClCompile>
    <ClCompile Include="gui-context.cpp">
      <Filter>Source Files</Filter>
    </ClCompile>
    <ClCompile Include="GuiFactory.cpp">
      <Filter>Source Files</Filter>
    </ClCompile>
    <ClCompile Include="gui-factory.cpp">
      <Filter>Source Files</Filter>
    </ClCompile>
    <ClCompile Include="gui\gui-component.cpp">
      <Filter>Source Files</Filter>
    </ClCompile>
    <ClCompile Include="Bootstrapper.cpp">
      <Filter>Source Files</Filter>
    </ClCompile>
    <ClCompile Include="Properties.cpp">
      <Filter>Source Files</Filter>
    </ClCompile>
    <ClCompile Include="m-utility.cpp">
      <Filter>Source Files</Filter>
    </ClCompile>
    <ClCompile Include="FontLibarary.cpp">
      <Filter>Source Files</Filter>
    </ClCompile>
    <ClCompile Include="Manager.cpp">
      <Filter>Source Files</Filter>
    </ClCompile>
    <ClCompile Include="ColorScheme.cpp">
      <Filter>Source Files</Filter>
    </ClCompile>
  </ItemGroup>
  <ItemGroup>
    <ClInclude Include="AppWin.hpp">
      <Filter>Header Files</Filter>
    </ClInclude>
    <ClInclude Include="gui\gui-component.hpp">
      <Filter>Header Files</Filter>
    </ClInclude>
    <ClInclude Include="gui\gui-container.hpp">
      <Filter>Header Files</Filter>
    </ClInclude>
    <ClInclude Include="gui\gui-element.hpp">
      <Filter>Header Files</Filter>
    </ClInclude>
    <ClInclude Include="gui\gui-context.hpp">
      <Filter>Header Files</Filter>
    </ClInclude>
    <ClInclude Include="gui\gui-id.hpp">
      <Filter>Header Files</Filter>
    </ClInclude>
    <ClInclude Include="gui-factory.hpp">
      <Filter>Header Files</Filter>
    </ClInclude>
    <ClInclude Include="gui\sfml-util.hpp">
      <Filter>Header Files</Filter>
    </ClInclude>
    <ClInclude Include="Bootstrapper.h">
      <Filter>Header Files</Filter>
    </ClInclude>
    <ClInclude Include="m-utility.hpp">
      <Filter>Header Files</Filter>
    </ClInclude>
    <ClInclude Include="gui-splashscreen.hpp">
      <Filter>Header Files</Filter>
    </ClInclude>
    <ClInclude Include="gui-properties.hpp">
      <Filter>Header Files</Filter>
    </ClInclude>
    <ClInclude Include="FontLibarary.h">
      <Filter>Header Files</Filter>
    </ClInclude>
    <ClInclude Include="config-manager.hpp">
      <Filter>Header Files</Filter>
    </ClInclude>
    <ClInclude Include="application-settings.hpp">
      <Filter>Header Files</Filter>
    </ClInclude>
    <ClInclude Include="ColorScheme.h">
      <Filter>Header Files</Filter>
    </ClInclude>
  </ItemGroup>
  <ItemGroup>
    <None Include="ClassDiagram.cd">
      <Filter>Resource Files</Filter>
    </None>
    <None Include="packages.config" />
    <None Include="app_config.json">
      <Filter>Resource Files</Filter>
    </None>
    <None Include="theme.json">
      <Filter>Resource Files</Filter>
    </None>
  </ItemGroup>
  <ItemGroup>
    <Font Include="fonts\segoeuisl.ttf">
      <Filter>Resource Files</Filter>
    </Font>
    <Font Include="fonts\Raleway-Regular.ttf">
      <Filter>Resource Files</Filter>
    </Font>
    <Font Include="fonts\Junicode.ttf">
      <Filter>Resource Files</Filter>
    </Font>
    <Font Include="bahnschrift.ttf">
      <Filter>Resource Files</Filter>
    </Font>
  </ItemGroup>
  <ItemGroup>
    <Image Include="bg.png">
      <Filter>Resource Files</Filter>
    </Image>
    <Image Include="splash.png">
      <Filter>Resource Files</Filter>
    </Image>
  </ItemGroup>
</Project>